
Microsoft Visual Studio Solution File, Format Version 12.00
# Visual Studio 17
VisualStudioVersion = 15.0.27130.2010
MinimumVisualStudioVersion = 10.0.40219.1
Project("{FAE04EC0-301F-11D3-BF4B-00C04F79EFBC}") = "Coursework", "Coursework\Coursework.csproj", "{30E24219-66CD-4440-803A-63CA47FD9E82}"
EndProject
Global
	GlobalSection(SolutionConfigurationPlatforms) = preSolution
		Debug|Any CPU = Debug|Any CPU
		Release|Any CPU = Release|Any CPU
	EndGlobalSection
	GlobalSection(ProjectConfigurationPlatforms) = postSolution
		{30E24219-66CD-4440-803A-63CA47FD9E82}.Debug|Any CPU.ActiveCfg = Debug|Any CPU
		{30E24219-66CD-4440-803A-63CA47FD9E82}.Debug|Any CPU.Build.0 = Debug|Any CPU
		{30E24219-66CD-4440-803A-63CA47FD9E82}.Release|Any CPU.ActiveCfg = Release|Any CPU
		{30E24219-66CD-4440-803A-63CA47FD9E82}.Release|Any CPU.Build.0 = Release|Any CPU
	EndGlobalSection
	GlobalSection(SolutionProperties) = preSolution
		HideSolutionNode = FALSE
	EndGlobalSection
	GlobalSection(ExtensibilityGlobals) = postSolution
		SolutionGuid = {9FBEE8AC-D68C-46D6-BDF7-C3252AD91912}
	EndGlobalSection
EndGlobal
